Microsoft Visual Studio Solution File, Format Version 12.00
# Visual Studio Version 16
VisualStudioVersion = 16.0.30204.135
MinimumVisualStudioVersion = 10.0.40219.1
Project("{2150E333-8FDC-42A3-9474-1A3956D46DE8}") = "src", "src", "{28D05719-6DC4-4962-BC7E-75F9C72E695C}"
EndProject
Project("{2150E333-8FDC-42A3-9474-1A3956D46DE8}") = "test", "test", "{486FBF9D-0C66-4E71-B76F-E6419A2A9D69}"
EndProject
Project("{9A19103F-16F7-4668-BE54-9A1E7A4F7556}") = "Microsoft.Azure.Mobile.Client", "src\Microsoft.Azure.Mobile.Client\Microsoft.Azure.Mobile.Client.csproj", "{04FC5444-1240-41D7-9AA8-648B9A465C9D}"
EndProject
Project("{9A19103F-16F7-4668-BE54-9A1E7A4F7556}") = "Microsoft.Azure.Mobile.Client.SQLiteStore", "src\Microsoft.Azure.Mobile.Client.SQLiteStore\Microsoft.Azure.Mobile.Client.SQLiteStore.csproj", "{99C2F464-172A-4B49-93B7-9B0E4FED1310}"
EndProject
Project("{9A19103F-16F7-4668-BE54-9A1E7A4F7556}") = "Microsoft.WindowsAzure.MobileServices.Test", "test\Microsoft.WindowsAzure.MobileServices.Test\Microsoft.WindowsAzure.MobileServices.Test.csproj", "{4317B9AA-7DBD-4ECD-A7D4-968E564D58FA}"
EndProject
Project("{9A19103F-16F7-4668-BE54-9A1E7A4F7556}") = "Microsoft.WindowsAzure.MobileServices.SQLiteStore.Test", "test\Microsoft.WindowsAzure.MobileServices.SQLiteStore.Test\Microsoft.WindowsAzure.MobileServices.SQLiteStore.Test.csproj", "{909FB359-1399-4F86-9562-5358143E99EE}"
EndProject
Project("{9A19103F-16F7-4668-BE54-9A1E7A4F7556}") = "TestFramework", "test\TestFramework\TestFramework.csproj", "{5934B778-9506-42C8-9788-B479B2B07FF6}"
EndProject
Project("{9A19103F-16F7-4668-BE54-9A1E7A4F7556}") = "E2ETests", "test\E2ETests\E2ETests.csproj", "{28EF3021-59E8-4713-A9D0-E59B8FF71C01}"
EndProject
Project("{FAE04EC0-301F-11D3-BF4B-00C04F79EFBC}") = "Android.E2ETest", "Android.E2ETest\Android.E2ETest.csproj", "{45DA303C-B30D-4A47-A7BC-6A1E0CB1456F}"
EndProject
Project("{2150E333-8FDC-42A3-9474-1A3956D46DE8}") = "Solution Items", "Solution Items", "{72B8DDF7-4FA7-4071-8C44-448D9175EFAB}"
	ProjectSection(SolutionItems) = preProject
		CHANGELOG.md = CHANGELOG.md
		LICENSE.txt = LICENSE.txt
		README.md = README.md
	EndProjectSection
EndProject
Global
	GlobalSection(SolutionConfigurationPlatforms) = preSolution
		AppStore|Any CPU = AppStore|Any CPU
		AppStore|ARM = AppStore|ARM
		AppStore|iPhone = AppStore|iPhone
		AppStore|iPhoneSimulator = AppStore|iPhoneSimulator
		AppStore|Mixed Platforms = AppStore|Mixed Platforms
		AppStore|x64 = AppStore|x64
		AppStore|x86 = AppStore|x86
		Debug|Any CPU = Debug|Any CPU
		Debug|ARM = Debug|ARM
		Debug|iPhone = Debug|iPhone
		Debug|iPhoneSimulator = Debug|iPhoneSimulator
		Debug|Mixed Platforms = Debug|Mixed Platforms
		Debug|x64 = Debug|x64
		Debug|x86 = Debug|x86
		Release|Any CPU = Release|Any CPU
		Release|ARM = Release|ARM
		Release|iPhone = Release|iPhone
		Release|iPhoneSimulator = Release|iPhoneSimulator
		Release|Mixed Platforms = Release|Mixed Platforms
		Release|x64 = Release|x64
		Release|x86 = Release|x86
		SdkRel|Any CPU = SdkRel|Any CPU
		SdkRel|ARM = SdkRel|ARM
		SdkRel|iPhone = SdkRel|iPhone
		SdkRel|iPhoneSimulator = SdkRel|iPhoneSimulator
		SdkRel|Mixed Platforms = SdkRel|Mixed Platforms
		SdkRel|x64 = SdkRel|x64
		SdkRel|x86 = SdkRel|x86
		Signed|Any CPU = Signed|Any CPU
		Signed|ARM = Signed|ARM
		Signed|iPhone = Signed|iPhone
		Signed|iPhoneSimulator = Signed|iPhoneSimulator
		Signed|Mixed Platforms = Signed|Mixed Platforms
		Signed|x64 = Signed|x64
		Signed|x86 = Signed|x86
	EndGlobalSection
	GlobalSection(ProjectConfigurationPlatforms) = postSolution
		{04FC5444-1240-41D7-9AA8-648B9A465C9D}.AppStore|Any CPU.ActiveCfg = Debug|Any CPU
		{04FC5444-1240-41D7-9AA8-648B9A465C9D}.AppStore|Any CPU.Build.0 = Debug|Any CPU
		{04FC5444-1240-41D7-9AA8-648B9A465C9D}.AppStore|ARM.ActiveCfg = Debug|Any CPU
		{04FC5444-1240-41D7-9AA8-648B9A465C9D}.AppStore|ARM.Build.0 = Debug|Any CPU
		{04FC5444-1240-41D7-9AA8-648B9A465C9D}.AppStore|iPhone.ActiveCfg = Debug|Any CPU
		{04FC5444-1240-41D7-9AA8-648B9A465C9D}.AppStore|iPhone.Build.0 = Debug|Any CPU
		{04FC5444-1240-41D7-9AA8-648B9A465C9D}.AppStore|iPhoneSimulator.ActiveCfg = Debug|Any CPU
		{04FC5444-1240-41D7-9AA8-648B9A465C9D}.AppStore|iPhoneSimulator.Build.0 = Debug|Any CPU
		{04FC5444-1240-41D7-9AA8-648B9A465C9D}.AppStore|Mixed Platforms.ActiveCfg = Debug|Any CPU
		{04FC5444-1240-41D7-9AA8-648B9A465C9D}.AppStore|Mixed Platforms.Build.0 = Debug|Any CPU
		{04FC5444-1240-41D7-9AA8-648B9A465C9D}.AppStore|x64.ActiveCfg = Debug|Any CPU
		{04FC5444-1240-41D7-9AA8-648B9A465C9D}.AppStore|x64.Build.0 = Debug|Any CPU
		{04FC5444-1240-41D7-9AA8-648B9A465C9D}.AppStore|x86.ActiveCfg = Debug|Any CPU
		{04FC5444-1240-41D7-9AA8-648B9A465C9D}.AppStore|x86.Build.0 = Debug|Any CPU
		{04FC5444-1240-41D7-9AA8-648B9A465C9D}.Debug|Any CPU.ActiveCfg = Debug|Any CPU
		{04FC5444-1240-41D7-9AA8-648B9A465C9D}.Debug|Any CPU.Build.0 = Debug|Any CPU
		{04FC5444-1240-41D7-9AA8-648B9A465C9D}.Debug|ARM.ActiveCfg = Debug|Any CPU
		{04FC5444-1240-41D7-9AA8-648B9A465C9D}.Debug|ARM.Build.0 = Debug|Any CPU
		{04FC5444-1240-41D7-9AA8-648B9A465C9D}.Debug|iPhone.ActiveCfg = Debug|Any CPU
		{04FC5444-1240-41D7-9AA8-648B9A465C9D}.Debug|iPhone.Build.0 = Debug|Any CPU
		{04FC5444-1240-41D7-9AA8-648B9A465C9D}.Debug|iPhoneSimulator.ActiveCfg = Debug|Any CPU
		{04FC5444-1240-41D7-9AA8-648B9A465C9D}.Debug|iPhoneSimulator.Build.0 = Debug|Any CPU
		{04FC5444-1240-41D7-9AA8-648B9A465C9D}.Debug|Mixed Platforms.ActiveCfg = Debug|Any CPU
		{04FC5444-1240-41D7-9AA8-648B9A465C9D}.Debug|Mixed Platforms.Build.0 = Debug|Any CPU
		{04FC5444-1240-41D7-9AA8-648B9A465C9D}.Debug|x64.ActiveCfg = Debug|Any CPU
		{04FC5444-1240-41D7-9AA8-648B9A465C9D}.Debug|x64.Build.0 = Debug|Any CPU
		{04FC5444-1240-41D7-9AA8-648B9A465C9D}.Debug|x86.ActiveCfg = Debug|Any CPU
		{04FC5444-1240-41D7-9AA8-648B9A465C9D}.Debug|x86.Build.0 = Debug|Any CPU
		{04FC5444-1240-41D7-9AA8-648B9A465C9D}.Release|Any CPU.ActiveCfg = Release|Any CPU
		{04FC5444-1240-41D7-9AA8-648B9A465C9D}.Release|Any CPU.Build.0 = Release|Any CPU
		{04FC5444-1240-41D7-9AA8-648B9A465C9D}.Release|ARM.ActiveCfg = Release|Any CPU
		{04FC5444-1240-41D7-9AA8-648B9A465C9D}.Release|ARM.Build.0 = Release|Any CPU
		{04FC5444-1240-41D7-9AA8-648B9A465C9D}.Release|iPhone.ActiveCfg = Release|Any CPU
		{04FC5444-1240-41D7-9AA8-648B9A465C9D}.Release|iPhone.Build.0 = Release|Any CPU
		{04FC5444-1240-41D7-9AA8-648B9A465C9D}.Release|iPhoneSimulator.ActiveCfg = Release|Any CPU
		{04FC5444-1240-41D7-9AA8-648B9A465C9D}.Release|iPhoneSimulator.Build.0 = Release|Any CPU
		{04FC5444-1240-41D7-9AA8-648B9A465C9D}.Release|Mixed Platforms.ActiveCfg = Release|Any CPU
		{04FC5444-1240-41D7-9AA8-648B9A465C9D}.Release|Mixed Platforms.Build.0 = Release|Any CPU
		{04FC5444-1240-41D7-9AA8-648B9A465C9D}.Release|x64.ActiveCfg = Release|Any CPU
		{04FC5444-1240-41D7-9AA8-648B9A465C9D}.Release|x64.Build.0 = Release|Any CPU
		{04FC5444-1240-41D7-9AA8-648B9A465C9D}.Release|x86.ActiveCfg = Release|Any CPU
		{04FC5444-1240-41D7-9AA8-648B9A465C9D}.Release|x86.Build.0 = Release|Any CPU
		{04FC5444-1240-41D7-9AA8-648B9A465C9D}.SdkRel|Any CPU.ActiveCfg = Debug|Any CPU
		{04FC5444-1240-41D7-9AA8-648B9A465C9D}.SdkRel|Any CPU.Build.0 = Debug|Any CPU
		{04FC5444-1240-41D7-9AA8-648B9A465C9D}.SdkRel|ARM.ActiveCfg = Debug|Any CPU
		{04FC5444-1240-41D7-9AA8-648B9A465C9D}.SdkRel|ARM.Build.0 = Debug|Any CPU
		{04FC5444-1240-41D7-9AA8-648B9A465C9D}.SdkRel|iPhone.ActiveCfg = Debug|Any CPU
		{04FC5444-1240-41D7-9AA8-648B9A465C9D}.SdkRel|iPhone.Build.0 = Debug|Any CPU
		{04FC5444-1240-41D7-9AA8-648B9A465C9D}.SdkRel|iPhoneSimulator.ActiveCfg = Debug|Any CPU
		{04FC5444-1240-41D7-9AA8-648B9A465C9D}.SdkRel|iPhoneSimulator.Build.0 = Debug|Any CPU
		{04FC5444-1240-41D7-9AA8-648B9A465C9D}.SdkRel|Mixed Platforms.ActiveCfg = Debug|Any CPU
		{04FC5444-1240-41D7-9AA8-648B9A465C9D}.SdkRel|Mixed Platforms.Build.0 = Debug|Any CPU
		{04FC5444-1240-41D7-9AA8-648B9A465C9D}.SdkRel|x64.ActiveCfg = Debug|Any CPU
		{04FC5444-1240-41D7-9AA8-648B9A465C9D}.SdkRel|x64.Build.0 = Debug|Any CPU
		{04FC5444-1240-41D7-9AA8-648B9A465C9D}.SdkRel|x86.ActiveCfg = Debug|Any CPU
		{04FC5444-1240-41D7-9AA8-648B9A465C9D}.SdkRel|x86.Build.0 = Debug|Any CPU
		{04FC5444-1240-41D7-9AA8-648B9A465C9D}.Signed|Any CPU.ActiveCfg = Debug|Any CPU
		{04FC5444-1240-41D7-9AA8-648B9A465C9D}.Signed|Any CPU.Build.0 = Debug|Any CPU
		{04FC5444-1240-41D7-9AA8-648B9A465C9D}.Signed|ARM.ActiveCfg = Debug|Any CPU
		{04FC5444-1240-41D7-9AA8-648B9A465C9D}.Signed|ARM.Build.0 = Debug|Any CPU
		{04FC5444-1240-41D7-9AA8-648B9A465C9D}.Signed|iPhone.ActiveCfg = Debug|Any CPU
		{04FC5444-1240-41D7-9AA8-648B9A465C9D}.Signed|iPhone.Build.0 = Debug|Any CPU
		{04FC5444-1240-41D7-9AA8-648B9A465C9D}.Signed|iPhoneSimulator.ActiveCfg = Debug|Any CPU
		{04FC5444-1240-41D7-9AA8-648B9A465C9D}.Signed|iPhoneSimulator.Build.0 = Debug|Any CPU
		{04FC5444-1240-41D7-9AA8-648B9A465C9D}.Signed|Mixed Platforms.ActiveCfg = Debug|Any CPU
		{04FC5444-1240-41D7-9AA8-648B9A465C9D}.Signed|Mixed Platforms.Build.0 = Debug|Any CPU
		{04FC5444-1240-41D7-9AA8-648B9A465C9D}.Signed|x64.ActiveCfg = Debug|Any CPU
		{04FC5444-1240-41D7-9AA8-648B9A465C9D}.Signed|x64.Build.0 = Debug|Any CPU
		{04FC5444-1240-41D7-9AA8-648B9A465C9D}.Signed|x86.ActiveCfg = Debug|Any CPU
		{04FC5444-1240-41D7-9AA8-648B9A465C9D}.Signed|x86.Build.0 = Debug|Any CPU
		{99C2F464-172A-4B49-93B7-9B0E4FED1310}.AppStore|Any CPU.ActiveCfg = Debug|Any CPU
		{99C2F464-172A-4B49-93B7-9B0E4FED1310}.AppStore|Any CPU.Build.0 = Debug|Any CPU
		{99C2F464-172A-4B49-93B7-9B0E4FED1310}.AppStore|ARM.ActiveCfg = Debug|Any CPU
		{99C2F464-172A-4B49-93B7-9B0E4FED1310}.AppStore|ARM.Build.0 = Debug|Any CPU
		{99C2F464-172A-4B49-93B7-9B0E4FED1310}.AppStore|iPhone.ActiveCfg = Debug|Any CPU
		{99C2F464-172A-4B49-93B7-9B0E4FED1310}.AppStore|iPhone.Build.0 = Debug|Any CPU
		{99C2F464-172A-4B49-93B7-9B0E4FED1310}.AppStore|iPhoneSimulator.ActiveCfg = Debug|Any CPU
		{99C2F464-172A-4B49-93B7-9B0E4FED1310}.AppStore|iPhoneSimulator.Build.0 = Debug|Any CPU
		{99C2F464-172A-4B49-93B7-9B0E4FED1310}.AppStore|Mixed Platforms.ActiveCfg = Debug|Any CPU
		{99C2F464-172A-4B49-93B7-9B0E4FED1310}.AppStore|Mixed Platforms.Build.0 = Debug|Any CPU
		{99C2F464-172A-4B49-93B7-9B0E4FED1310}.AppStore|x64.ActiveCfg = Debug|Any CPU
		{99C2F464-172A-4B49-93B7-9B0E4FED1310}.AppStore|x64.Build.0 = Debug|Any CPU
		{99C2F464-172A-4B49-93B7-9B0E4FED1310}.AppStore|x86.ActiveCfg = Debug|Any CPU
		{99C2F464-172A-4B49-93B7-9B0E4FED1310}.AppStore|x86.Build.0 = Debug|Any CPU
		{99C2F464-172A-4B49-93B7-9B0E4FED1310}.Debug|Any CPU.ActiveCfg = Debug|Any CPU
		{99C2F464-172A-4B49-93B7-9B0E4FED1310}.Debug|Any CPU.Build.0 = Debug|Any CPU
		{99C2F464-172A-4B49-93B7-9B0E4FED1310}.Debug|ARM.ActiveCfg = Debug|Any CPU
		{99C2F464-172A-4B49-93B7-9B0E4FED1310}.Debug|ARM.Build.0 = Debug|Any CPU
		{99C2F464-172A-4B49-93B7-9B0E4FED1310}.Debug|iPhone.ActiveCfg = Debug|Any CPU
		{99C2F464-172A-4B49-93B7-9B0E4FED1310}.Debug|iPhone.Build.0 = Debug|Any CPU
		{99C2F464-172A-4B49-93B7-9B0E4FED1310}.Debug|iPhoneSimulator.ActiveCfg = Debug|Any CPU
		{99C2F464-172A-4B49-93B7-9B0E4FED1310}.Debug|iPhoneSimulator.Build.0 = Debug|Any CPU
		{99C2F464-172A-4B49-93B7-9B0E4FED1310}.Debug|Mixed Platforms.ActiveCfg = Debug|Any CPU
		{99C2F464-172A-4B49-93B7-9B0E4FED1310}.Debug|Mixed Platforms.Build.0 = Debug|Any CPU
		{99C2F464-172A-4B49-93B7-9B0E4FED1310}.Debug|x64.ActiveCfg = Debug|Any CPU
		{99C2F464-172A-4B49-93B7-9B0E4FED1310}.Debug|x64.Build.0 = Debug|Any CPU
		{99C2F464-172A-4B49-93B7-9B0E4FED1310}.Debug|x86.ActiveCfg = Debug|Any CPU
		{99C2F464-172A-4B49-93B7-9B0E4FED1310}.Debug|x86.Build.0 = Debug|Any CPU
		{99C2F464-172A-4B49-93B7-9B0E4FED1310}.Release|Any CPU.ActiveCfg = Release|Any CPU
		{99C2F464-172A-4B49-93B7-9B0E4FED1310}.Release|Any CPU.Build.0 = Release|Any CPU
		{99C2F464-172A-4B49-93B7-9B0E4FED1310}.Release|ARM.ActiveCfg = Release|Any CPU
		{99C2F464-172A-4B49-93B7-9B0E4FED1310}.Release|ARM.Build.0 = Release|Any CPU
		{99C2F464-172A-4B49-93B7-9B0E4FED1310}.Release|iPhone.ActiveCfg = Release|Any CPU
		{99C2F464-172A-4B49-93B7-9B0E4FED1310}.Release|iPhone.Build.0 = Release|Any CPU
		{99C2F464-172A-4B49-93B7-9B0E4FED1310}.Release|iPhoneSimulator.ActiveCfg = Release|Any CPU
		{99C2F464-172A-4B49-93B7-9B0E4FED1310}.Release|iPhoneSimulator.Build.0 = Release|Any CPU
		{99C2F464-172A-4B49-93B7-9B0E4FED1310}.Release|Mixed Platforms.ActiveCfg = Release|Any CPU
		{99C2F464-172A-4B49-93B7-9B0E4FED1310}.Release|Mixed Platforms.Build.0 = Release|Any CPU
		{99C2F464-172A-4B49-93B7-9B0E4FED1310}.Release|x64.ActiveCfg = Release|Any CPU
		{99C2F464-172A-4B49-93B7-9B0E4FED1310}.Release|x64.Build.0 = Release|Any CPU
		{99C2F464-172A-4B49-93B7-9B0E4FED1310}.Release|x86.ActiveCfg = Release|Any CPU
		{99C2F464-172A-4B49-93B7-9B0E4FED1310}.Release|x86.Build.0 = Release|Any CPU
		{99C2F464-172A-4B49-93B7-9B0E4FED1310}.SdkRel|Any CPU.ActiveCfg = Debug|Any CPU
		{99C2F464-172A-4B49-93B7-9B0E4FED1310}.SdkRel|Any CPU.Build.0 = Debug|Any CPU
		{99C2F464-172A-4B49-93B7-9B0E4FED1310}.SdkRel|ARM.ActiveCfg = Debug|Any CPU
		{99C2F464-172A-4B49-93B7-9B0E4FED1310}.SdkRel|ARM.Build.0 = Debug|Any CPU
		{99C2F464-172A-4B49-93B7-9B0E4FED1310}.SdkRel|iPhone.ActiveCfg = Debug|Any CPU
		{99C2F464-172A-4B49-93B7-9B0E4FED1310}.SdkRel|iPhone.Build.0 = Debug|Any CPU
		{99C2F464-172A-4B49-93B7-9B0E4FED1310}.SdkRel|iPhoneSimulator.ActiveCfg = Debug|Any CPU
		{99C2F464-172A-4B49-93B7-9B0E4FED1310}.SdkRel|iPhoneSimulator.Build.0 = Debug|Any CPU
		{99C2F464-172A-4B49-93B7-9B0E4FED1310}.SdkRel|Mixed Platforms.ActiveCfg = Debug|Any CPU
		{99C2F464-172A-4B49-93B7-9B0E4FED1310}.SdkRel|Mixed Platforms.Build.0 = Debug|Any CPU
		{99C2F464-172A-4B49-93B7-9B0E4FED1310}.SdkRel|x64.ActiveCfg = Debug|Any CPU
		{99C2F464-172A-4B49-93B7-9B0E4FED1310}.SdkRel|x64.Build.0 = Debug|Any CPU
		{99C2F464-172A-4B49-93B7-9B0E4FED1310}.SdkRel|x86.ActiveCfg = Debug|Any CPU
		{99C2F464-172A-4B49-93B7-9B0E4FED1310}.SdkRel|x86.Build.0 = Debug|Any CPU
		{99C2F464-172A-4B49-93B7-9B0E4FED1310}.Signed|Any CPU.ActiveCfg = Debug|Any CPU
		{99C2F464-172A-4B49-93B7-9B0E4FED1310}.Signed|Any CPU.Build.0 = Debug|Any CPU
		{99C2F464-172A-4B49-93B7-9B0E4FED1310}.Signed|ARM.ActiveCfg = Debug|Any CPU
		{99C2F464-172A-4B49-93B7-9B0E4FED1310}.Signed|ARM.Build.0 = Debug|Any CPU
		{99C2F464-172A-4B49-93B7-9B0E4FED1310}.Signed|iPhone.ActiveCfg = Debug|Any CPU
		{99C2F464-172A-4B49-93B7-9B0E4FED1310}.Signed|iPhone.Build.0 = Debug|Any CPU
		{99C2F464-172A-4B49-93B7-9B0E4FED1310}.Signed|iPhoneSimulator.ActiveCfg = Debug|Any CPU
		{99C2F464-172A-4B49-93B7-9B0E4FED1310}.Signed|iPhoneSimulator.Build.0 = Debug|Any CPU
		{99C2F464-172A-4B49-93B7-9B0E4FED1310}.Signed|Mixed Platforms.ActiveCfg = Debug|Any CPU
		{99C2F464-172A-4B49-93B7-9B0E4FED1310}.Signed|Mixed Platforms.Build.0 = Debug|Any CPU
		{99C2F464-172A-4B49-93B7-9B0E4FED1310}.Signed|x64.ActiveCfg = Debug|Any CPU
		{99C2F464-172A-4B49-93B7-9B0E4FED1310}.Signed|x64.Build.0 = Debug|Any CPU
		{99C2F464-172A-4B49-93B7-9B0E4FED1310}.Signed|x86.ActiveCfg = Debug|Any CPU
		{99C2F464-172A-4B49-93B7-9B0E4FED1310}.Signed|x86.Build.0 = Debug|Any CPU
		{4317B9AA-7DBD-4ECD-A7D4-968E564D58FA}.AppStore|Any CPU.ActiveCfg = Debug|Any CPU
		{4317B9AA-7DBD-4ECD-A7D4-968E564D58FA}.AppStore|Any CPU.Build.0 = Debug|Any CPU
		{4317B9AA-7DBD-4ECD-A7D4-968E564D58FA}.AppStore|ARM.ActiveCfg = Debug|Any CPU
		{4317B9AA-7DBD-4ECD-A7D4-968E564D58FA}.AppStore|ARM.Build.0 = Debug|Any CPU
		{4317B9AA-7DBD-4ECD-A7D4-968E564D58FA}.AppStore|iPhone.ActiveCfg = Debug|Any CPU
		{4317B9AA-7DBD-4ECD-A7D4-968E564D58FA}.AppStore|iPhone.Build.0 = Debug|Any CPU
		{4317B9AA-7DBD-4ECD-A7D4-968E564D58FA}.AppStore|iPhoneSimulator.ActiveCfg = Debug|Any CPU
		{4317B9AA-7DBD-4ECD-A7D4-968E564D58FA}.AppStore|iPhoneSimulator.Build.0 = Debug|Any CPU
		{4317B9AA-7DBD-4ECD-A7D4-968E564D58FA}.AppStore|Mixed Platforms.ActiveCfg = Debug|Any CPU
		{4317B9AA-7DBD-4ECD-A7D4-968E564D58FA}.AppStore|Mixed Platforms.Build.0 = Debug|Any CPU
		{4317B9AA-7DBD-4ECD-A7D4-968E564D58FA}.AppStore|x64.ActiveCfg = Debug|Any CPU
		{4317B9AA-7DBD-4ECD-A7D4-968E564D58FA}.AppStore|x64.Build.0 = Debug|Any CPU
		{4317B9AA-7DBD-4ECD-A7D4-968E564D58FA}.AppStore|x86.ActiveCfg = Debug|Any CPU
		{4317B9AA-7DBD-4ECD-A7D4-968E564D58FA}.AppStore|x86.Build.0 = Debug|Any CPU
		{4317B9AA-7DBD-4ECD-A7D4-968E564D58FA}.Debug|Any CPU.ActiveCfg = Debug|Any CPU
		{4317B9AA-7DBD-4ECD-A7D4-968E564D58FA}.Debug|Any CPU.Build.0 = Debug|Any CPU
		{4317B9AA-7DBD-4ECD-A7D4-968E564D58FA}.Debug|ARM.ActiveCfg = Debug|Any CPU
		{4317B9AA-7DBD-4ECD-A7D4-968E564D58FA}.Debug|ARM.Build.0 = Debug|Any CPU
		{4317B9AA-7DBD-4ECD-A7D4-968E564D58FA}.Debug|iPhone.ActiveCfg = Debug|Any CPU
		{4317B9AA-7DBD-4ECD-A7D4-968E564D58FA}.Debug|iPhone.Build.0 = Debug|Any CPU
		{4317B9AA-7DBD-4ECD-A7D4-968E564D58FA}.Debug|iPhoneSimulator.ActiveCfg = Debug|Any CPU
		{4317B9AA-7DBD-4ECD-A7D4-968E564D58FA}.Debug|iPhoneSimulator.Build.0 = Debug|Any CPU
		{4317B9AA-7DBD-4ECD-A7D4-968E564D58FA}.Debug|Mixed Platforms.ActiveCfg = Debug|Any CPU
		{4317B9AA-7DBD-4ECD-A7D4-968E564D58FA}.Debug|Mixed Platforms.Build.0 = Debug|Any CPU
		{4317B9AA-7DBD-4ECD-A7D4-968E564D58FA}.Debug|x64.ActiveCfg = Debug|Any CPU
		{4317B9AA-7DBD-4ECD-A7D4-968E564D58FA}.Debug|x64.Build.0 = Debug|Any CPU
		{4317B9AA-7DBD-4ECD-A7D4-968E564D58FA}.Debug|x86.ActiveCfg = Debug|Any CPU
		{4317B9AA-7DBD-4ECD-A7D4-968E564D58FA}.Debug|x86.Build.0 = Debug|Any CPU
		{4317B9AA-7DBD-4ECD-A7D4-968E564D58FA}.Release|Any CPU.ActiveCfg = Release|Any CPU
		{4317B9AA-7DBD-4ECD-A7D4-968E564D58FA}.Release|Any CPU.Build.0 = Release|Any CPU
		{4317B9AA-7DBD-4ECD-A7D4-968E564D58FA}.Release|ARM.ActiveCfg = Release|Any CPU
		{4317B9AA-7DBD-4ECD-A7D4-968E564D58FA}.Release|ARM.Build.0 = Release|Any CPU
		{4317B9AA-7DBD-4ECD-A7D4-968E564D58FA}.Release|iPhone.ActiveCfg = Release|Any CPU
		{4317B9AA-7DBD-4ECD-A7D4-968E564D58FA}.Release|iPhone.Build.0 = Release|Any CPU
		{4317B9AA-7DBD-4ECD-A7D4-968E564D58FA}.Release|iPhoneSimulator.ActiveCfg = Release|Any CPU
		{4317B9AA-7DBD-4ECD-A7D4-968E564D58FA}.Release|iPhoneSimulator.Build.0 = Release|Any CPU
		{4317B9AA-7DBD-4ECD-A7D4-968E564D58FA}.Release|Mixed Platforms.ActiveCfg = Release|Any CPU
		{4317B9AA-7DBD-4ECD-A7D4-968E564D58FA}.Release|Mixed Platforms.Build.0 = Release|Any CPU
		{4317B9AA-7DBD-4ECD-A7D4-968E564D58FA}.Release|x64.ActiveCfg = Release|Any CPU
		{4317B9AA-7DBD-4ECD-A7D4-968E564D58FA}.Release|x64.Build.0 = Release|Any CPU
		{4317B9AA-7DBD-4ECD-A7D4-968E564D58FA}.Release|x86.ActiveCfg = Release|Any CPU
		{4317B9AA-7DBD-4ECD-A7D4-968E564D58FA}.Release|x86.Build.0 = Release|Any CPU
		{4317B9AA-7DBD-4ECD-A7D4-968E564D58FA}.SdkRel|Any CPU.ActiveCfg = Debug|Any CPU
		{4317B9AA-7DBD-4ECD-A7D4-968E564D58FA}.SdkRel|Any CPU.Build.0 = Debug|Any CPU
		{4317B9AA-7DBD-4ECD-A7D4-968E564D58FA}.SdkRel|ARM.ActiveCfg = Debug|Any CPU
		{4317B9AA-7DBD-4ECD-A7D4-968E564D58FA}.SdkRel|ARM.Build.0 = Debug|Any CPU
		{4317B9AA-7DBD-4ECD-A7D4-968E564D58FA}.SdkRel|iPhone.ActiveCfg = Debug|Any CPU
		{4317B9AA-7DBD-4ECD-A7D4-968E564D58FA}.SdkRel|iPhone.Build.0 = Debug|Any CPU
		{4317B9AA-7DBD-4ECD-A7D4-968E564D58FA}.SdkRel|iPhoneSimulator.ActiveCfg = Debug|Any CPU
		{4317B9AA-7DBD-4ECD-A7D4-968E564D58FA}.SdkRel|iPhoneSimulator.Build.0 = Debug|Any CPU
		{4317B9AA-7DBD-4ECD-A7D4-968E564D58FA}.SdkRel|Mixed Platforms.ActiveCfg = Debug|Any CPU
		{4317B9AA-7DBD-4ECD-A7D4-968E564D58FA}.SdkRel|Mixed Platforms.Build.0 = Debug|Any CPU
		{4317B9AA-7DBD-4ECD-A7D4-968E564D58FA}.SdkRel|x64.ActiveCfg = Debug|Any CPU
		{4317B9AA-7DBD-4ECD-A7D4-968E564D58FA}.SdkRel|x64.Build.0 = Debug|Any CPU
		{4317B9AA-7DBD-4ECD-A7D4-968E564D58FA}.SdkRel|x86.ActiveCfg = Debug|Any CPU
		{4317B9AA-7DBD-4ECD-A7D4-968E564D58FA}.SdkRel|x86.Build.0 = Debug|Any CPU
		{4317B9AA-7DBD-4ECD-A7D4-968E564D58FA}.Signed|Any CPU.ActiveCfg = Debug|Any CPU
		{4317B9AA-7DBD-4ECD-A7D4-968E564D58FA}.Signed|Any CPU.Build.0 = Debug|Any CPU
		{4317B9AA-7DBD-4ECD-A7D4-968E564D58FA}.Signed|ARM.ActiveCfg = Debug|Any CPU
		{4317B9AA-7DBD-4ECD-A7D4-968E564D58FA}.Signed|ARM.Build.0 = Debug|Any CPU
		{4317B9AA-7DBD-4ECD-A7D4-968E564D58FA}.Signed|iPhone.ActiveCfg = Debug|Any CPU
		{4317B9AA-7DBD-4ECD-A7D4-968E564D58FA}.Signed|iPhone.Build.0 = Debug|Any CPU
		{4317B9AA-7DBD-4ECD-A7D4-968E564D58FA}.Signed|iPhoneSimulator.ActiveCfg = Debug|Any CPU
		{4317B9AA-7DBD-4ECD-A7D4-968E564D58FA}.Signed|iPhoneSimulator.Build.0 = Debug|Any CPU
		{4317B9AA-7DBD-4ECD-A7D4-968E564D58FA}.Signed|Mixed Platforms.ActiveCfg = Debug|Any CPU
		{4317B9AA-7DBD-4ECD-A7D4-968E564D58FA}.Signed|Mixed Platforms.Build.0 = Debug|Any CPU
		{4317B9AA-7DBD-4ECD-A7D4-968E564D58FA}.Signed|x64.ActiveCfg = Debug|Any CPU
		{4317B9AA-7DBD-4ECD-A7D4-968E564D58FA}.Signed|x64.Build.0 = Debug|Any CPU
		{4317B9AA-7DBD-4ECD-A7D4-968E564D58FA}.Signed|x86.ActiveCfg = Debug|Any CPU
		{4317B9AA-7DBD-4ECD-A7D4-968E564D58FA}.Signed|x86.Build.0 = Debug|Any CPU
		{909FB359-1399-4F86-9562-5358143E99EE}.AppStore|Any CPU.ActiveCfg = Debug|Any CPU
		{909FB359-1399-4F86-9562-5358143E99EE}.AppStore|Any CPU.Build.0 = Debug|Any CPU
		{909FB359-1399-4F86-9562-5358143E99EE}.AppStore|ARM.ActiveCfg = Debug|Any CPU
		{909FB359-1399-4F86-9562-5358143E99EE}.AppStore|ARM.Build.0 = Debug|Any CPU
		{909FB359-1399-4F86-9562-5358143E99EE}.AppStore|iPhone.ActiveCfg = Debug|Any CPU
		{909FB359-1399-4F86-9562-5358143E99EE}.AppStore|iPhone.Build.0 = Debug|Any CPU
		{909FB359-1399-4F86-9562-5358143E99EE}.AppStore|iPhoneSimulator.ActiveCfg = Debug|Any CPU
		{909FB359-1399-4F86-9562-5358143E99EE}.AppStore|iPhoneSimulator.Build.0 = Debug|Any CPU
		{909FB359-1399-4F86-9562-5358143E99EE}.AppStore|Mixed Platforms.ActiveCfg = Debug|Any CPU
		{909FB359-1399-4F86-9562-5358143E99EE}.AppStore|Mixed Platforms.Build.0 = Debug|Any CPU
		{909FB359-1399-4F86-9562-5358143E99EE}.AppStore|x64.ActiveCfg = Debug|Any CPU
		{909FB359-1399-4F86-9562-5358143E99EE}.AppStore|x64.Build.0 = Debug|Any CPU
		{909FB359-1399-4F86-9562-5358143E99EE}.AppStore|x86.ActiveCfg = Debug|Any CPU
		{909FB359-1399-4F86-9562-5358143E99EE}.AppStore|x86.Build.0 = Debug|Any CPU
		{909FB359-1399-4F86-9562-5358143E99EE}.Debug|Any CPU.ActiveCfg = Debug|Any CPU
		{909FB359-1399-4F86-9562-5358143E99EE}.Debug|Any CPU.Build.0 = Debug|Any CPU
		{909FB359-1399-4F86-9562-5358143E99EE}.Debug|ARM.ActiveCfg = Debug|Any CPU
		{909FB359-1399-4F86-9562-5358143E99EE}.Debug|ARM.Build.0 = Debug|Any CPU
		{909FB359-1399-4F86-9562-5358143E99EE}.Debug|iPhone.ActiveCfg = Debug|Any CPU
		{909FB359-1399-4F86-9562-5358143E99EE}.Debug|iPhone.Build.0 = Debug|Any CPU
		{909FB359-1399-4F86-9562-5358143E99EE}.Debug|iPhoneSimulator.ActiveCfg = Debug|Any CPU
		{909FB359-1399-4F86-9562-5358143E99EE}.Debug|iPhoneSimulator.Build.0 = Debug|Any CPU
		{909FB359-1399-4F86-9562-5358143E99EE}.Debug|Mixed Platforms.ActiveCfg = Debug|Any CPU
		{909FB359-1399-4F86-9562-5358143E99EE}.Debug|Mixed Platforms.Build.0 = Debug|Any CPU
		{909FB359-1399-4F86-9562-5358143E99EE}.Debug|x64.ActiveCfg = Debug|Any CPU
		{909FB359-1399-4F86-9562-5358143E99EE}.Debug|x64.Build.0 = Debug|Any CPU
		{909FB359-1399-4F86-9562-5358143E99EE}.Debug|x86.ActiveCfg = Debug|Any CPU
		{909FB359-1399-4F86-9562-5358143E99EE}.Debug|x86.Build.0 = Debug|Any CPU
		{909FB359-1399-4F86-9562-5358143E99EE}.Release|Any CPU.ActiveCfg = Release|Any CPU
		{909FB359-1399-4F86-9562-5358143E99EE}.Release|Any CPU.Build.0 = Release|Any CPU
		{909FB359-1399-4F86-9562-5358143E99EE}.Release|ARM.ActiveCfg = Release|Any CPU
		{909FB359-1399-4F86-9562-5358143E99EE}.Release|ARM.Build.0 = Release|Any CPU
		{909FB359-1399-4F86-9562-5358143E99EE}.Release|iPhone.ActiveCfg = Release|Any CPU
		{909FB359-1399-4F86-9562-5358143E99EE}.Release|iPhone.Build.0 = Release|Any CPU
		{909FB359-1399-4F86-9562-5358143E99EE}.Release|iPhoneSimulator.ActiveCfg = Release|Any CPU
		{909FB359-1399-4F86-9562-5358143E99EE}.Release|iPhoneSimulator.Build.0 = Release|Any CPU
		{909FB359-1399-4F86-9562-5358143E99EE}.Release|Mixed Platforms.ActiveCfg = Release|Any CPU
		{909FB359-1399-4F86-9562-5358143E99EE}.Release|Mixed Platforms.Build.0 = Release|Any CPU
		{909FB359-1399-4F86-9562-5358143E99EE}.Release|x64.ActiveCfg = Release|Any CPU
		{909FB359-1399-4F86-9562-5358143E99EE}.Release|x64.Build.0 = Release|Any CPU
		{909FB359-1399-4F86-9562-5358143E99EE}.Release|x86.ActiveCfg = Release|Any CPU
		{909FB359-1399-4F86-9562-5358143E99EE}.Release|x86.Build.0 = Release|Any CPU
		{909FB359-1399-4F86-9562-5358143E99EE}.SdkRel|Any CPU.ActiveCfg = Debug|Any CPU
		{909FB359-1399-4F86-9562-5358143E99EE}.SdkRel|Any CPU.Build.0 = Debug|Any CPU
		{909FB359-1399-4F86-9562-5358143E99EE}.SdkRel|ARM.ActiveCfg = Debug|Any CPU
		{909FB359-1399-4F86-9562-5358143E99EE}.SdkRel|ARM.Build.0 = Debug|Any CPU
		{909FB359-1399-4F86-9562-5358143E99EE}.SdkRel|iPhone.ActiveCfg = Debug|Any CPU
		{909FB359-1399-4F86-9562-5358143E99EE}.SdkRel|iPhone.Build.0 = Debug|Any CPU
		{909FB359-1399-4F86-9562-5358143E99EE}.SdkRel|iPhoneSimulator.ActiveCfg = Debug|Any CPU
		{909FB359-1399-4F86-9562-5358143E99EE}.SdkRel|iPhoneSimulator.Build.0 = Debug|Any CPU
		{909FB359-1399-4F86-9562-5358143E99EE}.SdkRel|Mixed Platforms.ActiveCfg = Debug|Any CPU
		{909FB359-1399-4F86-9562-5358143E99EE}.SdkRel|Mixed Platforms.Build.0 = Debug|Any CPU
		{909FB359-1399-4F86-9562-5358143E99EE}.SdkRel|x64.ActiveCfg = Debug|Any CPU
		{909FB359-1399-4F86-9562-5358143E99EE}.SdkRel|x64.Build.0 = Debug|Any CPU
		{909FB359-1399-4F86-9562-5358143E99EE}.SdkRel|x86.ActiveCfg = Debug|Any CPU
		{909FB359-1399-4F86-9562-5358143E99EE}.SdkRel|x86.Build.0 = Debug|Any CPU
		{909FB359-1399-4F86-9562-5358143E99EE}.Signed|Any CPU.ActiveCfg = Debug|Any CPU
		{909FB359-1399-4F86-9562-5358143E99EE}.Signed|Any CPU.Build.0 = Debug|Any CPU
		{909FB359-1399-4F86-9562-5358143E99EE}.Signed|ARM.ActiveCfg = Debug|Any CPU
		{909FB359-1399-4F86-9562-5358143E99EE}.Signed|ARM.Build.0 = Debug|Any CPU
		{909FB359-1399-4F86-9562-5358143E99EE}.Signed|iPhone.ActiveCfg = Debug|Any CPU
		{909FB359-1399-4F86-9562-5358143E99EE}.Signed|iPhone.Build.0 = Debug|Any CPU
		{909FB359-1399-4F86-9562-5358143E99EE}.Signed|iPhoneSimulator.ActiveCfg = Debug|Any CPU
		{909FB359-1399-4F86-9562-5358143E99EE}.Signed|iPhoneSimulator.Build.0 = Debug|Any CPU
		{909FB359-1399-4F86-9562-5358143E99EE}.Signed|Mixed Platforms.ActiveCfg = Debug|Any CPU
		{909FB359-1399-4F86-9562-5358143E99EE}.Signed|Mixed Platforms.Build.0 = Debug|Any CPU
		{909FB359-1399-4F86-9562-5358143E99EE}.Signed|x64.ActiveCfg = Debug|Any CPU
		{909FB359-1399-4F86-9562-5358143E99EE}.Signed|x64.Build.0 = Debug|Any CPU
		{909FB359-1399-4F86-9562-5358143E99EE}.Signed|x86.ActiveCfg = Debug|Any CPU
		{909FB359-1399-4F86-9562-5358143E99EE}.Signed|x86.Build.0 = Debug|Any CPU
		{5934B778-9506-42C8-9788-B479B2B07FF6}.AppStore|Any CPU.ActiveCfg = Debug|Any CPU
		{5934B778-9506-42C8-9788-B479B2B07FF6}.AppStore|Any CPU.Build.0 = Debug|Any CPU
		{5934B778-9506-42C8-9788-B479B2B07FF6}.AppStore|ARM.ActiveCfg = Debug|Any CPU
		{5934B778-9506-42C8-9788-B479B2B07FF6}.AppStore|ARM.Build.0 = Debug|Any CPU
		{5934B778-9506-42C8-9788-B479B2B07FF6}.AppStore|iPhone.ActiveCfg = Debug|Any CPU
		{5934B778-9506-42C8-9788-B479B2B07FF6}.AppStore|iPhone.Build.0 = Debug|Any CPU
		{5934B778-9506-42C8-9788-B479B2B07FF6}.AppStore|iPhoneSimulator.ActiveCfg = Debug|Any CPU
		{5934B778-9506-42C8-9788-B479B2B07FF6}.AppStore|iPhoneSimulator.Build.0 = Debug|Any CPU
		{5934B778-9506-42C8-9788-B479B2B07FF6}.AppStore|Mixed Platforms.ActiveCfg = Debug|Any CPU
		{5934B778-9506-42C8-9788-B479B2B07FF6}.AppStore|Mixed Platforms.Build.0 = Debug|Any CPU
		{5934B778-9506-42C8-9788-B479B2B07FF6}.AppStore|x64.ActiveCfg = Debug|Any CPU
		{5934B778-9506-42C8-9788-B479B2B07FF6}.AppStore|x64.Build.0 = Debug|Any CPU
		{5934B778-9506-42C8-9788-B479B2B07FF6}.AppStore|x86.ActiveCfg = Debug|Any CPU
		{5934B778-9506-42C8-9788-B479B2B07FF6}.AppStore|x86.Build.0 = Debug|Any CPU
		{5934B778-9506-42C8-9788-B479B2B07FF6}.Debug|Any CPU.ActiveCfg = Debug|Any CPU
		{5934B778-9506-42C8-9788-B479B2B07FF6}.Debug|Any CPU.Build.0 = Debug|Any CPU
		{5934B778-9506-42C8-9788-B479B2B07FF6}.Debug|ARM.ActiveCfg = Debug|Any CPU
		{5934B778-9506-42C8-9788-B479B2B07FF6}.Debug|ARM.Build.0 = Debug|Any CPU
		{5934B778-9506-42C8-9788-B479B2B07FF6}.Debug|iPhone.ActiveCfg = Debug|Any CPU
		{5934B778-9506-42C8-9788-B479B2B07FF6}.Debug|iPhone.Build.0 = Debug|Any CPU
		{5934B778-9506-42C8-9788-B479B2B07FF6}.Debug|iPhoneSimulator.ActiveCfg = Debug|Any CPU
		{5934B778-9506-42C8-9788-B479B2B07FF6}.Debug|iPhoneSimulator.Build.0 = Debug|Any CPU
		{5934B778-9506-42C8-9788-B479B2B07FF6}.Debug|Mixed Platforms.ActiveCfg = Debug|Any CPU
		{5934B778-9506-42C8-9788-B479B2B07FF6}.Debug|Mixed Platforms.Build.0 = Debug|Any CPU
		{5934B778-9506-42C8-9788-B479B2B07FF6}.Debug|x64.ActiveCfg = Debug|Any CPU
		{5934B778-9506-42C8-9788-B479B2B07FF6}.Debug|x64.Build.0 = Debug|Any CPU
		{5934B778-9506-42C8-9788-B479B2B07FF6}.Debug|x86.ActiveCfg = Debug|Any CPU
		{5934B778-9506-42C8-9788-B479B2B07FF6}.Debug|x86.Build.0 = Debug|Any CPU
		{5934B778-9506-42C8-9788-B479B2B07FF6}.Release|Any CPU.ActiveCfg = Release|Any CPU
		{5934B778-9506-42C8-9788-B479B2B07FF6}.Release|Any CPU.Build.0 = Release|Any CPU
		{5934B778-9506-42C8-9788-B479B2B07FF6}.Release|ARM.ActiveCfg = Release|Any CPU
		{5934B778-9506-42C8-9788-B479B2B07FF6}.Release|ARM.Build.0 = Release|Any CPU
		{5934B778-9506-42C8-9788-B479B2B07FF6}.Release|iPhone.ActiveCfg = Release|Any CPU
		{5934B778-9506-42C8-9788-B479B2B07FF6}.Release|iPhone.Build.0 = Release|Any CPU
		{5934B778-9506-42C8-9788-B479B2B07FF6}.Release|iPhoneSimulator.ActiveCfg = Release|Any CPU
		{5934B778-9506-42C8-9788-B479B2B07FF6}.Release|iPhoneSimulator.Build.0 = Release|Any CPU
		{5934B778-9506-42C8-9788-B479B2B07FF6}.Release|Mixed Platforms.ActiveCfg = Release|Any CPU
		{5934B778-9506-42C8-9788-B479B2B07FF6}.Release|Mixed Platforms.Build.0 = Release|Any CPU
		{5934B778-9506-42C8-9788-B479B2B07FF6}.Release|x64.ActiveCfg = Release|Any CPU
		{5934B778-9506-42C8-9788-B479B2B07FF6}.Release|x64.Build.0 = Release|Any CPU
		{5934B778-9506-42C8-9788-B479B2B07FF6}.Release|x86.ActiveCfg = Release|Any CPU
		{5934B778-9506-42C8-9788-B479B2B07FF6}.Release|x86.Build.0 = Release|Any CPU
		{5934B778-9506-42C8-9788-B479B2B07FF6}.SdkRel|Any CPU.ActiveCfg = Debug|Any CPU
		{5934B778-9506-42C8-9788-B479B2B07FF6}.SdkRel|Any CPU.Build.0 = Debug|Any CPU
		{5934B778-9506-42C8-9788-B479B2B07FF6}.SdkRel|ARM.ActiveCfg = Debug|Any CPU
		{5934B778-9506-42C8-9788-B479B2B07FF6}.SdkRel|ARM.Build.0 = Debug|Any CPU
		{5934B778-9506-42C8-9788-B479B2B07FF6}.SdkRel|iPhone.ActiveCfg = Debug|Any CPU
		{5934B778-9506-42C8-9788-B479B2B07FF6}.SdkRel|iPhone.Build.0 = Debug|Any CPU
		{5934B778-9506-42C8-9788-B479B2B07FF6}.SdkRel|iPhoneSimulator.ActiveCfg = Debug|Any CPU
		{5934B778-9506-42C8-9788-B479B2B07FF6}.SdkRel|iPhoneSimulator.Build.0 = Debug|Any CPU
		{5934B778-9506-42C8-9788-B479B2B07FF6}.SdkRel|Mixed Platforms.ActiveCfg = Debug|Any CPU
		{5934B778-9506-42C8-9788-B479B2B07FF6}.SdkRel|Mixed Platforms.Build.0 = Debug|Any CPU
		{5934B778-9506-42C8-9788-B479B2B07FF6}.SdkRel|x64.ActiveCfg = Debug|Any CPU
		{5934B778-9506-42C8-9788-B479B2B07FF6}.SdkRel|x64.Build.0 = Debug|Any CPU
		{5934B778-9506-42C8-9788-B479B2B07FF6}.SdkRel|x86.ActiveCfg = Debug|Any CPU
		{5934B778-9506-42C8-9788-B479B2B07FF6}.SdkRel|x86.Build.0 = Debug|Any CPU
		{5934B778-9506-42C8-9788-B479B2B07FF6}.Signed|Any CPU.ActiveCfg = Debug|Any CPU
		{5934B778-9506-42C8-9788-B479B2B07FF6}.Signed|Any CPU.Build.0 = Debug|Any CPU
		{5934B778-9506-42C8-9788-B479B2B07FF6}.Signed|ARM.ActiveCfg = Debug|Any CPU
		{5934B778-9506-42C8-9788-B479B2B07FF6}.Signed|ARM.Build.0 = Debug|Any CPU
		{5934B778-9506-42C8-9788-B479B2B07FF6}.Signed|iPhone.ActiveCfg = Debug|Any CPU
		{5934B778-9506-42C8-9788-B479B2B07FF6}.Signed|iPhone.Build.0 = Debug|Any CPU
		{5934B778-9506-42C8-9788-B479B2B07FF6}.Signed|iPhoneSimulator.ActiveCfg = Debug|Any CPU
		{5934B778-9506-42C8-9788-B479B2B07FF6}.Signed|iPhoneSimulator.Build.0 = Debug|Any CPU
		{5934B778-9506-42C8-9788-B479B2B07FF6}.Signed|Mixed Platforms.ActiveCfg = Debug|Any CPU
		{5934B778-9506-42C8-9788-B479B2B07FF6}.Signed|Mixed Platforms.Build.0 = Debug|Any CPU
		{5934B778-9506-42C8-9788-B479B2B07FF6}.Signed|x64.ActiveCfg = Debug|Any CPU
		{5934B778-9506-42C8-9788-B479B2B07FF6}.Signed|x64.Build.0 = Debug|Any CPU
		{5934B778-9506-42C8-9788-B479B2B07FF6}.Signed|x86.ActiveCfg = Debug|Any CPU
		{5934B778-9506-42C8-9788-B479B2B07FF6}.Signed|x86.Build.0 = Debug|Any CPU
		{28EF3021-59E8-4713-A9D0-E59B8FF71C01}.AppStore|Any CPU.ActiveCfg = Debug|Any CPU
		{28EF3021-59E8-4713-A9D0-E59B8FF71C01}.AppStore|Any CPU.Build.0 = Debug|Any CPU
		{28EF3021-59E8-4713-A9D0-E59B8FF71C01}.AppStore|ARM.ActiveCfg = Debug|Any CPU
		{28EF3021-59E8-4713-A9D0-E59B8FF71C01}.AppStore|ARM.Build.0 = Debug|Any CPU
		{28EF3021-59E8-4713-A9D0-E59B8FF71C01}.AppStore|iPhone.ActiveCfg = Debug|Any CPU
		{28EF3021-59E8-4713-A9D0-E59B8FF71C01}.AppStore|iPhone.Build.0 = Debug|Any CPU
		{28EF3021-59E8-4713-A9D0-E59B8FF71C01}.AppStore|iPhoneSimulator.ActiveCfg = Debug|Any CPU
		{28EF3021-59E8-4713-A9D0-E59B8FF71C01}.AppStore|iPhoneSimulator.Build.0 = Debug|Any CPU
		{28EF3021-59E8-4713-A9D0-E59B8FF71C01}.AppStore|Mixed Platforms.ActiveCfg = Debug|Any CPU
		{28EF3021-59E8-4713-A9D0-E59B8FF71C01}.AppStore|Mixed Platforms.Build.0 = Debug|Any CPU
		{28EF3021-59E8-4713-A9D0-E59B8FF71C01}.AppStore|x64.ActiveCfg = Debug|Any CPU
		{28EF3021-59E8-4713-A9D0-E59B8FF71C01}.AppStore|x64.Build.0 = Debug|Any CPU
		{28EF3021-59E8-4713-A9D0-E59B8FF71C01}.AppStore|x86.ActiveCfg = Debug|Any CPU
		{28EF3021-59E8-4713-A9D0-E59B8FF71C01}.AppStore|x86.Build.0 = Debug|Any CPU
		{28EF3021-59E8-4713-A9D0-E59B8FF71C01}.Debug|Any CPU.ActiveCfg = Debug|Any CPU
		{28EF3021-59E8-4713-A9D0-E59B8FF71C01}.Debug|Any CPU.Build.0 = Debug|Any CPU
		{28EF3021-59E8-4713-A9D0-E59B8FF71C01}.Debug|ARM.ActiveCfg = Debug|Any CPU
		{28EF3021-59E8-4713-A9D0-E59B8FF71C01}.Debug|ARM.Build.0 = Debug|Any CPU
		{28EF3021-59E8-4713-A9D0-E59B8FF71C01}.Debug|iPhone.ActiveCfg = Debug|Any CPU
		{28EF3021-59E8-4713-A9D0-E59B8FF71C01}.Debug|iPhone.Build.0 = Debug|Any CPU
		{28EF3021-59E8-4713-A9D0-E59B8FF71C01}.Debug|iPhoneSimulator.ActiveCfg = Debug|Any CPU
		{28EF3021-59E8-4713-A9D0-E59B8FF71C01}.Debug|iPhoneSimulator.Build.0 = Debug|Any CPU
		{28EF3021-59E8-4713-A9D0-E59B8FF71C01}.Debug|Mixed Platforms.ActiveCfg = Debug|Any CPU
		{28EF3021-59E8-4713-A9D0-E59B8FF71C01}.Debug|Mixed Platforms.Build.0 = Debug|Any CPU
		{28EF3021-59E8-4713-A9D0-E59B8FF71C01}.Debug|x64.ActiveCfg = Debug|Any CPU
		{28EF3021-59E8-4713-A9D0-E59B8FF71C01}.Debug|x64.Build.0 = Debug|Any CPU
		{28EF3021-59E8-4713-A9D0-E59B8FF71C01}.Debug|x86.ActiveCfg = Debug|Any CPU
		{28EF3021-59E8-4713-A9D0-E59B8FF71C01}.Debug|x86.Build.0 = Debug|Any CPU
		{28EF3021-59E8-4713-A9D0-E59B8FF71C01}.Release|Any CPU.ActiveCfg = Release|Any CPU
		{28EF3021-59E8-4713-A9D0-E59B8FF71C01}.Release|Any CPU.Build.0 = Release|Any CPU
		{28EF3021-59E8-4713-A9D0-E59B8FF71C01}.Release|ARM.ActiveCfg = Release|Any CPU
		{28EF3021-59E8-4713-A9D0-E59B8FF71C01}.Release|ARM.Build.0 = Release|Any CPU
		{28EF3021-59E8-4713-A9D0-E59B8FF71C01}.Release|iPhone.ActiveCfg = Release|Any CPU
		{28EF3021-59E8-4713-A9D0-E59B8FF71C01}.Release|iPhone.Build.0 = Release|Any CPU
		{28EF3021-59E8-4713-A9D0-E59B8FF71C01}.Release|iPhoneSimulator.ActiveCfg = Release|Any CPU
		{28EF3021-59E8-4713-A9D0-E59B8FF71C01}.Release|iPhoneSimulator.Build.0 = Release|Any CPU
		{28EF3021-59E8-4713-A9D0-E59B8FF71C01}.Release|Mixed Platforms.ActiveCfg = Release|Any CPU
		{28EF3021-59E8-4713-A9D0-E59B8FF71C01}.Release|Mixed Platforms.Build.0 = Release|Any CPU
		{28EF3021-59E8-4713-A9D0-E59B8FF71C01}.Release|x64.ActiveCfg = Release|Any CPU
		{28EF3021-59E8-4713-A9D0-E59B8FF71C01}.Release|x64.Build.0 = Release|Any CPU
		{28EF3021-59E8-4713-A9D0-E59B8FF71C01}.Release|x86.ActiveCfg = Release|Any CPU
		{28EF3021-59E8-4713-A9D0-E59B8FF71C01}.Release|x86.Build.0 = Release|Any CPU
		{28EF3021-59E8-4713-A9D0-E59B8FF71C01}.SdkRel|Any CPU.ActiveCfg = Debug|Any CPU
		{28EF3021-59E8-4713-A9D0-E59B8FF71C01}.SdkRel|Any CPU.Build.0 = Debug|Any CPU
		{28EF3021-59E8-4713-A9D0-E59B8FF71C01}.SdkRel|ARM.ActiveCfg = Debug|Any CPU
		{28EF3021-59E8-4713-A9D0-E59B8FF71C01}.SdkRel|ARM.Build.0 = Debug|Any CPU
		{28EF3021-59E8-4713-A9D0-E59B8FF71C01}.SdkRel|iPhone.ActiveCfg = Debug|Any CPU
		{28EF3021-59E8-4713-A9D0-E59B8FF71C01}.SdkRel|iPhone.Build.0 = Debug|Any CPU
		{28EF3021-59E8-4713-A9D0-E59B8FF71C01}.SdkRel|iPhoneSimulator.ActiveCfg = Debug|Any CPU
		{28EF3021-59E8-4713-A9D0-E59B8FF71C01}.SdkRel|iPhoneSimulator.Build.0 = Debug|Any CPU
		{28EF3021-59E8-4713-A9D0-E59B8FF71C01}.SdkRel|Mixed Platforms.ActiveCfg = Debug|Any CPU
		{28EF3021-59E8-4713-A9D0-E59B8FF71C01}.SdkRel|Mixed Platforms.Build.0 = Debug|Any CPU
		{28EF3021-59E8-4713-A9D0-E59B8FF71C01}.SdkRel|x64.ActiveCfg = Debug|Any CPU
		{28EF3021-59E8-4713-A9D0-E59B8FF71C01}.SdkRel|x64.Build.0 = Debug|Any CPU
		{28EF3021-59E8-4713-A9D0-E59B8FF71C01}.SdkRel|x86.ActiveCfg = Debug|Any CPU
		{28EF3021-59E8-4713-A9D0-E59B8FF71C01}.SdkRel|x86.Build.0 = Debug|Any CPU
		{28EF3021-59E8-4713-A9D0-E59B8FF71C01}.Signed|Any CPU.ActiveCfg = Debug|Any CPU
		{28EF3021-59E8-4713-A9D0-E59B8FF71C01}.Signed|Any CPU.Build.0 = Debug|Any CPU
		{28EF3021-59E8-4713-A9D0-E59B8FF71C01}.Signed|ARM.ActiveCfg = Debug|Any CPU
		{28EF3021-59E8-4713-A9D0-E59B8FF71C01}.Signed|ARM.Build.0 = Debug|Any CPU
		{28EF3021-59E8-4713-A9D0-E59B8FF71C01}.Signed|iPhone.ActiveCfg = Debug|Any CPU
		{28EF3021-59E8-4713-A9D0-E59B8FF71C01}.Signed|iPhone.Build.0 = Debug|Any CPU
		{28EF3021-59E8-4713-A9D0-E59B8FF71C01}.Signed|iPhoneSimulator.ActiveCfg = Debug|Any CPU
		{28EF3021-59E8-4713-A9D0-E59B8FF71C01}.Signed|iPhoneSimulator.Build.0 = Debug|Any CPU
		{28EF3021-59E8-4713-A9D0-E59B8FF71C01}.Signed|Mixed Platforms.ActiveCfg = Debug|Any CPU
		{28EF3021-59E8-4713-A9D0-E59B8FF71C01}.Signed|Mixed Platforms.Build.0 = Debug|Any CPU
		{28EF3021-59E8-4713-A9D0-E59B8FF71C01}.Signed|x64.ActiveCfg = Debug|Any CPU
		{28EF3021-59E8-4713-A9D0-E59B8FF71C01}.Signed|x64.Build.0 = Debug|Any CPU
		{28EF3021-59E8-4713-A9D0-E59B8FF71C01}.Signed|x86.ActiveCfg = Debug|Any CPU
		{28EF3021-59E8-4713-A9D0-E59B8FF71C01}.Signed|x86.Build.0 = Debug|Any CPU
		{45DA303C-B30D-4A47-A7BC-6A1E0CB1456F}.AppStore|Any CPU.ActiveCfg = Release|Any CPU
		{45DA303C-B30D-4A47-A7BC-6A1E0CB1456F}.AppStore|Any CPU.Build.0 = Release|Any CPU
		{45DA303C-B30D-4A47-A7BC-6A1E0CB1456F}.AppStore|Any CPU.Deploy.0 = Release|Any CPU
		{45DA303C-B30D-4A47-A7BC-6A1E0CB1456F}.AppStore|ARM.ActiveCfg = Release|Any CPU
		{45DA303C-B30D-4A47-A7BC-6A1E0CB1456F}.AppStore|ARM.Build.0 = Release|Any CPU
		{45DA303C-B30D-4A47-A7BC-6A1E0CB1456F}.AppStore|ARM.Deploy.0 = Release|Any CPU
		{45DA303C-B30D-4A47-A7BC-6A1E0CB1456F}.AppStore|iPhone.ActiveCfg = Release|Any CPU
		{45DA303C-B30D-4A47-A7BC-6A1E0CB1456F}.AppStore|iPhone.Build.0 = Release|Any CPU
		{45DA303C-B30D-4A47-A7BC-6A1E0CB1456F}.AppStore|iPhone.Deploy.0 = Release|Any CPU
		{45DA303C-B30D-4A47-A7BC-6A1E0CB1456F}.AppStore|iPhoneSimulator.ActiveCfg = Release|Any CPU
		{45DA303C-B30D-4A47-A7BC-6A1E0CB1456F}.AppStore|iPhoneSimulator.Build.0 = Release|Any CPU
		{45DA303C-B30D-4A47-A7BC-6A1E0CB1456F}.AppStore|iPhoneSimulator.Deploy.0 = Release|Any CPU
		{45DA303C-B30D-4A47-A7BC-6A1E0CB1456F}.AppStore|Mixed Platforms.ActiveCfg = Release|Any CPU
		{45DA303C-B30D-4A47-A7BC-6A1E0CB1456F}.AppStore|Mixed Platforms.Build.0 = Release|Any CPU
		{45DA303C-B30D-4A47-A7BC-6A1E0CB1456F}.AppStore|Mixed Platforms.Deploy.0 = Release|Any CPU
		{45DA303C-B30D-4A47-A7BC-6A1E0CB1456F}.AppStore|x64.ActiveCfg = Release|Any CPU
		{45DA303C-B30D-4A47-A7BC-6A1E0CB1456F}.AppStore|x64.Build.0 = Release|Any CPU
		{45DA303C-B30D-4A47-A7BC-6A1E0CB1456F}.AppStore|x64.Deploy.0 = Release|Any CPU
		{45DA303C-B30D-4A47-A7BC-6A1E0CB1456F}.AppStore|x86.ActiveCfg = Release|Any CPU
		{45DA303C-B30D-4A47-A7BC-6A1E0CB1456F}.AppStore|x86.Build.0 = Release|Any CPU
		{45DA303C-B30D-4A47-A7BC-6A1E0CB1456F}.AppStore|x86.Deploy.0 = Release|Any CPU
		{45DA303C-B30D-4A47-A7BC-6A1E0CB1456F}.Debug|Any CPU.ActiveCfg = Debug|Any CPU
		{45DA303C-B30D-4A47-A7BC-6A1E0CB1456F}.Debug|Any CPU.Build.0 = Debug|Any CPU
		{45DA303C-B30D-4A47-A7BC-6A1E0CB1456F}.Debug|Any CPU.Deploy.0 = Debug|Any CPU
		{45DA303C-B30D-4A47-A7BC-6A1E0CB1456F}.Debug|ARM.ActiveCfg = Debug|Any CPU
		{45DA303C-B30D-4A47-A7BC-6A1E0CB1456F}.Debug|ARM.Build.0 = Debug|Any CPU
		{45DA303C-B30D-4A47-A7BC-6A1E0CB1456F}.Debug|ARM.Deploy.0 = Debug|Any CPU
		{45DA303C-B30D-4A47-A7BC-6A1E0CB1456F}.Debug|iPhone.ActiveCfg = Debug|Any CPU
		{45DA303C-B30D-4A47-A7BC-6A1E0CB1456F}.Debug|iPhone.Build.0 = Debug|Any CPU
		{45DA303C-B30D-4A47-A7BC-6A1E0CB1456F}.Debug|iPhone.Deploy.0 = Debug|Any CPU
		{45DA303C-B30D-4A47-A7BC-6A1E0CB1456F}.Debug|iPhoneSimulator.ActiveCfg = Debug|Any CPU
		{45DA303C-B30D-4A47-A7BC-6A1E0CB1456F}.Debug|iPhoneSimulator.Build.0 = Debug|Any CPU
		{45DA303C-B30D-4A47-A7BC-6A1E0CB1456F}.Debug|iPhoneSimulator.Deploy.0 = Debug|Any CPU
		{45DA303C-B30D-4A47-A7BC-6A1E0CB1456F}.Debug|Mixed Platforms.ActiveCfg = Debug|Any CPU
		{45DA303C-B30D-4A47-A7BC-6A1E0CB1456F}.Debug|Mixed Platforms.Build.0 = Debug|Any CPU
		{45DA303C-B30D-4A47-A7BC-6A1E0CB1456F}.Debug|Mixed Platforms.Deploy.0 = Debug|Any CPU
		{45DA303C-B30D-4A47-A7BC-6A1E0CB1456F}.Debug|x64.ActiveCfg = Debug|Any CPU
		{45DA303C-B30D-4A47-A7BC-6A1E0CB1456F}.Debug|x64.Build.0 = Debug|Any CPU
		{45DA303C-B30D-4A47-A7BC-6A1E0CB1456F}.Debug|x64.Deploy.0 = Debug|Any CPU
		{45DA303C-B30D-4A47-A7BC-6A1E0CB1456F}.Debug|x86.ActiveCfg = Debug|Any CPU
		{45DA303C-B30D-4A47-A7BC-6A1E0CB1456F}.Debug|x86.Build.0 = Debug|Any CPU
		{45DA303C-B30D-4A47-A7BC-6A1E0CB1456F}.Debug|x86.Deploy.0 = Debug|Any CPU
		{45DA303C-B30D-4A47-A7BC-6A1E0CB1456F}.Release|Any CPU.ActiveCfg = Release|Any CPU
		{45DA303C-B30D-4A47-A7BC-6A1E0CB1456F}.Release|Any CPU.Build.0 = Release|Any CPU
		{45DA303C-B30D-4A47-A7BC-6A1E0CB1456F}.Release|Any CPU.Deploy.0 = Release|Any CPU
		{45DA303C-B30D-4A47-A7BC-6A1E0CB1456F}.Release|ARM.ActiveCfg = Release|Any CPU
		{45DA303C-B30D-4A47-A7BC-6A1E0CB1456F}.Release|ARM.Build.0 = Release|Any CPU
		{45DA303C-B30D-4A47-A7BC-6A1E0CB1456F}.Release|ARM.Deploy.0 = Release|Any CPU
		{45DA303C-B30D-4A47-A7BC-6A1E0CB1456F}.Release|iPhone.ActiveCfg = Release|Any CPU
		{45DA303C-B30D-4A47-A7BC-6A1E0CB1456F}.Release|iPhone.Build.0 = Release|Any CPU
		{45DA303C-B30D-4A47-A7BC-6A1E0CB1456F}.Release|iPhone.Deploy.0 = Release|Any CPU
		{45DA303C-B30D-4A47-A7BC-6A1E0CB1456F}.Release|iPhoneSimulator.ActiveCfg = Release|Any CPU
		{45DA303C-B30D-4A47-A7BC-6A1E0CB1456F}.Release|iPhoneSimulator.Build.0 = Release|Any CPU
		{45DA303C-B30D-4A47-A7BC-6A1E0CB1456F}.Release|iPhoneSimulator.Deploy.0 = Release|Any CPU
		{45DA303C-B30D-4A47-A7BC-6A1E0CB1456F}.Release|Mixed Platforms.ActiveCfg = Release|Any CPU
		{45DA303C-B30D-4A47-A7BC-6A1E0CB1456F}.Release|Mixed Platforms.Build.0 = Release|Any CPU
		{45DA303C-B30D-4A47-A7BC-6A1E0CB1456F}.Release|Mixed Platforms.Deploy.0 = Release|Any CPU
		{45DA303C-B30D-4A47-A7BC-6A1E0CB1456F}.Release|x64.ActiveCfg = Release|Any CPU
		{45DA303C-B30D-4A47-A7BC-6A1E0CB1456F}.Release|x64.Build.0 = Release|Any CPU
		{45DA303C-B30D-4A47-A7BC-6A1E0CB1456F}.Release|x64.Deploy.0 = Release|Any CPU
		{45DA303C-B30D-4A47-A7BC-6A1E0CB1456F}.Release|x86.ActiveCfg = Release|Any CPU
		{45DA303C-B30D-4A47-A7BC-6A1E0CB1456F}.Release|x86.Build.0 = Release|Any CPU
		{45DA303C-B30D-4A47-A7BC-6A1E0CB1456F}.Release|x86.Deploy.0 = Release|Any CPU
		{45DA303C-B30D-4A47-A7BC-6A1E0CB1456F}.SdkRel|Any CPU.ActiveCfg = Release|Any CPU
		{45DA303C-B30D-4A47-A7BC-6A1E0CB1456F}.SdkRel|Any CPU.Build.0 = Release|Any CPU
		{45DA303C-B30D-4A47-A7BC-6A1E0CB1456F}.SdkRel|Any CPU.Deploy.0 = Release|Any CPU
		{45DA303C-B30D-4A47-A7BC-6A1E0CB1456F}.SdkRel|ARM.ActiveCfg = Release|Any CPU
		{45DA303C-B30D-4A47-A7BC-6A1E0CB1456F}.SdkRel|ARM.Build.0 = Release|Any CPU
		{45DA303C-B30D-4A47-A7BC-6A1E0CB1456F}.SdkRel|ARM.Deploy.0 = Release|Any CPU
		{45DA303C-B30D-4A47-A7BC-6A1E0CB1456F}.SdkRel|iPhone.ActiveCfg = Release|Any CPU
		{45DA303C-B30D-4A47-A7BC-6A1E0CB1456F}.SdkRel|iPhone.Build.0 = Release|Any CPU
		{45DA303C-B30D-4A47-A7BC-6A1E0CB1456F}.SdkRel|iPhone.Deploy.0 = Release|Any CPU
		{45DA303C-B30D-4A47-A7BC-6A1E0CB1456F}.SdkRel|iPhoneSimulator.ActiveCfg = Release|Any CPU
		{45DA303C-B30D-4A47-A7BC-6A1E0CB1456F}.SdkRel|iPhoneSimulator.Build.0 = Release|Any CPU
		{45DA303C-B30D-4A47-A7BC-6A1E0CB1456F}.SdkRel|iPhoneSimulator.Deploy.0 = Release|Any CPU
		{45DA303C-B30D-4A47-A7BC-6A1E0CB1456F}.SdkRel|Mixed Platforms.ActiveCfg = Release|Any CPU
		{45DA303C-B30D-4A47-A7BC-6A1E0CB1456F}.SdkRel|Mixed Platforms.Build.0 = Release|Any CPU
		{45DA303C-B30D-4A47-A7BC-6A1E0CB1456F}.SdkRel|Mixed Platforms.Deploy.0 = Release|Any CPU
		{45DA303C-B30D-4A47-A7BC-6A1E0CB1456F}.SdkRel|x64.ActiveCfg = Release|Any CPU
		{45DA303C-B30D-4A47-A7BC-6A1E0CB1456F}.SdkRel|x64.Build.0 = Release|Any CPU
		{45DA303C-B30D-4A47-A7BC-6A1E0CB1456F}.SdkRel|x64.Deploy.0 = Release|Any CPU
		{45DA303C-B30D-4A47-A7BC-6A1E0CB1456F}.SdkRel|x86.ActiveCfg = Release|Any CPU
		{45DA303C-B30D-4A47-A7BC-6A1E0CB1456F}.SdkRel|x86.Build.0 = Release|Any CPU
		{45DA303C-B30D-4A47-A7BC-6A1E0CB1456F}.SdkRel|x86.Deploy.0 = Release|Any CPU
		{45DA303C-B30D-4A47-A7BC-6A1E0CB1456F}.Signed|Any CPU.ActiveCfg = Release|Any CPU
		{45DA303C-B30D-4A47-A7BC-6A1E0CB1456F}.Signed|Any CPU.Build.0 = Release|Any CPU
		{45DA303C-B30D-4A47-A7BC-6A1E0CB1456F}.Signed|Any CPU.Deploy.0 = Release|Any CPU
		{45DA303C-B30D-4A47-A7BC-6A1E0CB1456F}.Signed|ARM.ActiveCfg = Release|Any CPU
		{45DA303C-B30D-4A47-A7BC-6A1E0CB1456F}.Signed|ARM.Build.0 = Release|Any CPU
		{45DA303C-B30D-4A47-A7BC-6A1E0CB1456F}.Signed|ARM.Deploy.0 = Release|Any CPU
		{45DA303C-B30D-4A47-A7BC-6A1E0CB1456F}.Signed|iPhone.ActiveCfg = Release|Any CPU
		{45DA303C-B30D-4A47-A7BC-6A1E0CB1456F}.Signed|iPhone.Build.0 = Release|Any CPU
		{45DA303C-B30D-4A47-A7BC-6A1E0CB1456F}.Signed|iPhone.Deploy.0 = Release|Any CPU
		{45DA303C-B30D-4A47-A7BC-6A1E0CB1456F}.Signed|iPhoneSimulator.ActiveCfg = Release|Any CPU
		{45DA303C-B30D-4A47-A7BC-6A1E0CB1456F}.Signed|iPhoneSimulator.Build.0 = Release|Any CPU
		{45DA303C-B30D-4A47-A7BC-6A1E0CB1456F}.Signed|iPhoneSimulator.Deploy.0 = Release|Any CPU
		{45DA303C-B30D-4A47-A7BC-6A1E0CB1456F}.Signed|Mixed Platforms.ActiveCfg = Release|Any CPU
		{45DA303C-B30D-4A47-A7BC-6A1E0CB1456F}.Signed|Mixed Platforms.Build.0 = Release|Any CPU
		{45DA303C-B30D-4A47-A7BC-6A1E0CB1456F}.Signed|Mixed Platforms.Deploy.0 = Release|Any CPU
		{45DA303C-B30D-4A47-A7BC-6A1E0CB1456F}.Signed|x64.ActiveCfg = Release|Any CPU
		{45DA303C-B30D-4A47-A7BC-6A1E0CB1456F}.Signed|x64.Build.0 = Release|Any CPU
		{45DA303C-B30D-4A47-A7BC-6A1E0CB1456F}.Signed|x64.Deploy.0 = Release|Any CPU
		{45DA303C-B30D-4A47-A7BC-6A1E0CB1456F}.Signed|x86.ActiveCfg = Release|Any CPU
		{45DA303C-B30D-4A47-A7BC-6A1E0CB1456F}.Signed|x86.Build.0 = Release|Any CPU
		{45DA303C-B30D-4A47-A7BC-6A1E0CB1456F}.Signed|x86.Deploy.0 = Release|Any CPU
	EndGlobalSection
	GlobalSection(SolutionProperties) = preSolution
		HideSolutionNode = FALSE
	EndGlobalSection
	GlobalSection(NestedProjects) = preSolution
		{04FC5444-1240-41D7-9AA8-648B9A465C9D} = {28D05719-6DC4-4962-BC7E-75F9C72E695C}
		{99C2F464-172A-4B49-93B7-9B0E4FED1310} = {28D05719-6DC4-4962-BC7E-75F9C72E695C}
		{4317B9AA-7DBD-4ECD-A7D4-968E564D58FA} = {486FBF9D-0C66-4E71-B76F-E6419A2A9D69}
		{909FB359-1399-4F86-9562-5358143E99EE} = {486FBF9D-0C66-4E71-B76F-E6419A2A9D69}
		{5934B778-9506-42C8-9788-B479B2B07FF6} = {486FBF9D-0C66-4E71-B76F-E6419A2A9D69}
		{28EF3021-59E8-4713-A9D0-E59B8FF71C01} = {486FBF9D-0C66-4E71-B76F-E6419A2A9D69}
		{45DA303C-B30D-4A47-A7BC-6A1E0CB1456F} = {486FBF9D-0C66-4E71-B76F-E6419A2A9D69}
	EndGlobalSection
	GlobalSection(ExtensibilityGlobals) = postSolution
		SolutionGuid = {D27F12BE-5730-40CF-A86F-FF58BF4DD667}
	EndGlobalSection
EndGlobal
